
Microsoft Visual Studio Solution File, Format Version 12.00
# Visual Studio Version 17
VisualStudioVersion = 17.7.34024.191
MinimumVisualStudioVersion = 10.0.40219.1
Project("{FAE04EC0-301F-11D3-BF4B-00C04F79EFBC}") = "Services", "Services.csproj", "{209FB0F5-17A6-4047-880D-CA584E4D447E}"
EndProject
Global
	GlobalSection(SolutionConfigurationPlatforms) = preSolution
		Debug|Any CPU = Debug|Any CPU
		Release|Any CPU = Release|Any CPU
	EndGlobalSection
	GlobalSection(ProjectConfigurationPlatforms) = postSolution
		{209FB0F5-17A6-4047-880D-CA584E4D447E}.Debug|Any CPU.ActiveCfg = Debug|Any CPU
		{209FB0F5-17A6-4047-880D-CA584E4D447E}.Debug|Any CPU.Build.0 = Debug|Any CPU
		{209FB0F5-17A6-4047-880D-CA584E4D447E}.Release|Any CPU.ActiveCfg = Release|Any CPU
		{209FB0F5-17A6-4047-880D-CA584E4D447E}.Release|Any CPU.Build.0 = Release|Any CPU
	EndGlobalSection
	GlobalSection(SolutionProperties) = preSolution
		HideSolutionNode = FALSE
	EndGlobalSection
	GlobalSection(ExtensibilityGlobals) = postSolution
		SolutionGuid = {0DB8FD52-B1C2-4493-B72A-36C9FD4736EB}
	EndGlobalSection
EndGlobal
